
Microsoft Visual Studio Solution File, Format Version 12.00
# Visual Studio Version 17
VisualStudioVersion = 17.8.34511.84
MinimumVisualStudioVersion = 10.0.40219.1
Project("{9A19103F-16F7-4668-BE54-9A1E7A4F7556}") = "SolveMyIssue7", "SolveMyIssue7\SolveMyIssue7.csproj", "{998A7802-D7A5-4A84-8DED-E1644A7274FF}"
EndProject
Project("{9A19103F-16F7-4668-BE54-9A1E7A4F7556}") = "SolveMyIssue7.Common", "SolveMyIssue7.Common\SolveMyIssue7.Common.csproj", "{975AEAD0-81F1-4CF1-8266-76E44E1C59E9}"
EndProject
Project("{9A19103F-16F7-4668-BE54-9A1E7A4F7556}") = "SolveMyIssue7.DataAccess", "SolveMyIssue7.DataAccess\SolveMyIssue7.DataAccess.csproj", "{3B218188-9C85-412E-AAA3-A97E058A0257}"
EndProject
Global
	GlobalSection(SolutionConfigurationPlatforms) = preSolution
		Debug|Any CPU = Debug|Any CPU
		Release|Any CPU = Release|Any CPU
	EndGlobalSection
	GlobalSection(ProjectConfigurationPlatforms) = postSolution
		{998A7802-D7A5-4A84-8DED-E1644A7274FF}.Debug|Any CPU.ActiveCfg = Debug|Any CPU
		{998A7802-D7A5-4A84-8DED-E1644A7274FF}.Debug|Any CPU.Build.0 = Debug|Any CPU
		{998A7802-D7A5-4A84-8DED-E1644A7274FF}.Release|Any CPU.ActiveCfg = Release|Any CPU
		{998A7802-D7A5-4A84-8DED-E1644A7274FF}.Release|Any CPU.Build.0 = Release|Any CPU
		{975AEAD0-81F1-4CF1-8266-76E44E1C59E9}.Debug|Any CPU.ActiveCfg = Debug|Any CPU
		{975AEAD0-81F1-4CF1-8266-76E44E1C59E9}.Debug|Any CPU.Build.0 = Debug|Any CPU
		{975AEAD0-81F1-4CF1-8266-76E44E1C59E9}.Release|Any CPU.ActiveCfg = Release|Any CPU
		{975AEAD0-81F1-4CF1-8266-76E44E1C59E9}.Release|Any CPU.Build.0 = Release|Any CPU
		{3B218188-9C85-412E-AAA3-A97E058A0257}.Debug|Any CPU.ActiveCfg = Debug|Any CPU
		{3B218188-9C85-412E-AAA3-A97E058A0257}.Debug|Any CPU.Build.0 = Debug|Any CPU
		{3B218188-9C85-412E-AAA3-A97E058A0257}.Release|Any CPU.ActiveCfg = Release|Any CPU
		{3B218188-9C85-412E-AAA3-A97E058A0257}.Release|Any CPU.Build.0 = Release|Any CPU
	EndGlobalSection
	GlobalSection(SolutionProperties) = preSolution
		HideSolutionNode = FALSE
	EndGlobalSection
	GlobalSection(ExtensibilityGlobals) = postSolution
		SolutionGuid = {83F133C2-CBAF-45AC-B2C1-3A1E3FF17DBB}
	EndGlobalSection
EndGlobal
